
Microsoft Visual Studio Solution File, Format Version 12.00
# Visual Studio Version 16
VisualStudioVersion = 16.0.31005.135
MinimumVisualStudioVersion = 10.0.40219.1
Project("{FAE04EC0-301F-11D3-BF4B-00C04F79EFBC}") = "Calculator-Project", "Calculator-Project\Calculator-Project.csproj", "{372EA36F-0A7D-4C04-8AF0-C7F067B4D6B7}"
EndProject
Global
	GlobalSection(SolutionConfigurationPlatforms) = preSolution
		Debug|Any CPU = Debug|Any CPU
		Release|Any CPU = Release|Any CPU
	EndGlobalSection
	GlobalSection(ProjectConfigurationPlatforms) = postSolution
		{372EA36F-0A7D-4C04-8AF0-C7F067B4D6B7}.Debug|Any CPU.ActiveCfg = Debug|Any CPU
		{372EA36F-0A7D-4C04-8AF0-C7F067B4D6B7}.Debug|Any CPU.Build.0 = Debug|Any CPU
		{372EA36F-0A7D-4C04-8AF0-C7F067B4D6B7}.Release|Any CPU.ActiveCfg = Release|Any CPU
		{372EA36F-0A7D-4C04-8AF0-C7F067B4D6B7}.Release|Any CPU.Build.0 = Release|Any CPU
	EndGlobalSection
	GlobalSection(SolutionProperties) = preSolution
		HideSolutionNode = FALSE
	EndGlobalSection
	GlobalSection(ExtensibilityGlobals) = postSolution
		SolutionGuid = {1432C2A3-DF01-4D14-9D13-46657AEB9754}
	EndGlobalSection
EndGlobal
